
Microsoft Visual Studio Solution File, Format Version 12.00
# Visual Studio Version 17
VisualStudioVersion = 17.1.32421.90
MinimumVisualStudioVersion = 10.0.40219.1
Project("{FAE04EC0-301F-11D3-BF4B-00C04F79EFBC}") = "Proiect", "Proiect.csproj", "{61A463A5-3174-4313-8242-E82618171FF5}"
EndProject
Global
	GlobalSection(SolutionConfigurationPlatforms) = preSolution
		Debug|Any CPU = Debug|Any CPU
		Release|Any CPU = Release|Any CPU
	EndGlobalSection
	GlobalSection(ProjectConfigurationPlatforms) = postSolution
		{61A463A5-3174-4313-8242-E82618171FF5}.Debug|Any CPU.ActiveCfg = Debug|Any CPU
		{61A463A5-3174-4313-8242-E82618171FF5}.Debug|Any CPU.Build.0 = Debug|Any CPU
		{61A463A5-3174-4313-8242-E82618171FF5}.Release|Any CPU.ActiveCfg = Release|Any CPU
		{61A463A5-3174-4313-8242-E82618171FF5}.Release|Any CPU.Build.0 = Release|Any CPU
	EndGlobalSection
	GlobalSection(SolutionProperties) = preSolution
		HideSolutionNode = FALSE
	EndGlobalSection
	GlobalSection(ExtensibilityGlobals) = postSolution
		SolutionGuid = {5C366A71-FFED-41FA-AE73-F7011AB19DFB}
	EndGlobalSection
EndGlobal
